
Microsoft Visual Studio Solution File, Format Version 12.00
# Visual Studio Version 17
VisualStudioVersion = 17.11.35312.102
MinimumVisualStudioVersion = 10.0.40219.1
Project("{FAE04EC0-301F-11D3-BF4B-00C04F79EFBC}") = "WinFormsApp7", "WinFormsApp7\WinFormsApp7.csproj", "{FCC45ED9-191E-417C-A884-9EA2F6299702}"
EndProject
Global
	GlobalSection(SolutionConfigurationPlatforms) = preSolution
		Debug|Any CPU = Debug|Any CPU
		Release|Any CPU = Release|Any CPU
	EndGlobalSection
	GlobalSection(ProjectConfigurationPlatforms) = postSolution
		{FCC45ED9-191E-417C-A884-9EA2F6299702}.Debug|Any CPU.ActiveCfg = Debug|Any CPU
		{FCC45ED9-191E-417C-A884-9EA2F6299702}.Debug|Any CPU.Build.0 = Debug|Any CPU
		{FCC45ED9-191E-417C-A884-9EA2F6299702}.Release|Any CPU.ActiveCfg = Release|Any CPU
		{FCC45ED9-191E-417C-A884-9EA2F6299702}.Release|Any CPU.Build.0 = Release|Any CPU
	EndGlobalSection
	GlobalSection(SolutionProperties) = preSolution
		HideSolutionNode = FALSE
	EndGlobalSection
	GlobalSection(ExtensibilityGlobals) = postSolution
		SolutionGuid = {859DBE70-BC5C-4007-BB29-CEABBA8F416C}
	EndGlobalSection
EndGlobal
